
Microsoft Visual Studio Solution File, Format Version 12.00
# Visual Studio 15
VisualStudioVersion = 15.0.26730.15
MinimumVisualStudioVersion = 10.0.40219.1
Project("{8BC9CEB8-8B4A-11D0-8D11-00A0C91BC942}") = "LSMS6DS33_driver", "LSMS6DS33_driver\LSMS6DS33_driver.vcxitems", "{DC970D23-3495-4D8C-9B1A-A7B573E88566}"
EndProject
Global
	GlobalSection(SolutionProperties) = preSolution
		HideSolutionNode = FALSE
	EndGlobalSection
	GlobalSection(ExtensibilityGlobals) = postSolution
		SolutionGuid = {31DAC8AD-57F8-41DF-9477-DF1B8C9755D1}
	EndGlobalSection
EndGlobal
